// !$*UTF8*$!
{
	archiveVersion = 1;
	classes = {
	};
	objectVersion = 56;
	objects = {

/* Begin PBXBuildFile section */
		7AF714C2E0A9163D397E50C0 /* Pods_uber_ride.framework in Frameworks */ = {isa = PBXBuildFile; fileRef = D1540608DFC62E088818BFC9 /* Pods_uber_ride.framework */; };
		F40ECEBC2A16ACB1007E4342 /* LocationInputActivationView.swift in Sources */ = {isa = PBXBuildFile; fileRef = F40ECEBB2A16ACB1007E4342 /* LocationInputActivationView.swift */; };
		F43718202A0ACB73008B82DD /* AppDelegate.swift in Sources */ = {isa = PBXBuildFile; fileRef = F437181F2A0ACB73008B82DD /* AppDelegate.swift */; };
		F43718222A0ACB73008B82DD /* SceneDelegate.swift in Sources */ = {isa = PBXBuildFile; fileRef = F43718212A0ACB73008B82DD /* SceneDelegate.swift */; };
		F43718292A0ACB74008B82DD /* Assets.xcassets in Resources */ = {isa = PBXBuildFile; fileRef = F43718282A0ACB74008B82DD /* Assets.xcassets */; };
		F437182C2A0ACB74008B82DD /* LaunchScreen.storyboard in Resources */ = {isa = PBXBuildFile; fileRef = F437182A2A0ACB74008B82DD /* LaunchScreen.storyboard */; };
		F43718392A0ACCA9008B82DD /* LoginController.swift in Sources */ = {isa = PBXBuildFile; fileRef = F43718382A0ACCA9008B82DD /* LoginController.swift */; };
		F437183B2A0AD430008B82DD /* Extensions.swift in Sources */ = {isa = PBXBuildFile; fileRef = F437183A2A0AD430008B82DD /* Extensions.swift */; };
		F461535E2A33B52D003B2E32 /* RideActionView.swift in Sources */ = {isa = PBXBuildFile; fileRef = F461535D2A33B52D003B2E32 /* RideActionView.swift */; };
		F46E66EB2A2676720000DD7A /* DriverAnnotation.swift in Sources */ = {isa = PBXBuildFile; fileRef = F46E66EA2A2676720000DD7A /* DriverAnnotation.swift */; };
		F4869D2A2A38F19100421987 /* Trip.swift in Sources */ = {isa = PBXBuildFile; fileRef = F4869D292A38F19100421987 /* Trip.swift */; };
		F48869C22A17EED100D89819 /* LocationInputView.swift in Sources */ = {isa = PBXBuildFile; fileRef = F48869C12A17EED100D89819 /* LocationInputView.swift */; };
		F48869C42A18027300D89819 /* LocationCell.swift in Sources */ = {isa = PBXBuildFile; fileRef = F48869C32A18027300D89819 /* LocationCell.swift */; };
		F49813A92A0D69340001EF93 /* SignUpController.swift in Sources */ = {isa = PBXBuildFile; fileRef = F49813A82A0D69340001EF93 /* SignUpController.swift */; };
		F49813AB2A0D74730001EF93 /* AuthButton.swift in Sources */ = {isa = PBXBuildFile; fileRef = F49813AA2A0D74730001EF93 /* AuthButton.swift */; };
		F4DDE7502A19482600EB21B8 /* Service.swift in Sources */ = {isa = PBXBuildFile; fileRef = F4DDE74F2A19482600EB21B8 /* Service.swift */; };
		F4DDE7522A194D9300EB21B8 /* User.swift in Sources */ = {isa = PBXBuildFile; fileRef = F4DDE7512A194D9300EB21B8 /* User.swift */; };
		F4DDE7542A1952B200EB21B8 /* LocationHandler.swift in Sources */ = {isa = PBXBuildFile; fileRef = F4DDE7532A1952B200EB21B8 /* LocationHandler.swift */; };
		F4F254E92A0EB3EB00590310 /* GoogleService-Info.plist in Resources */ = {isa = PBXBuildFile; fileRef = F4F254E82A0EB3EB00590310 /* GoogleService-Info.plist */; };
		F4F254EB2A0EB7EE00590310 /* HomeController.swift in Sources */ = {isa = PBXBuildFile; fileRef = F4F254EA2A0EB7EE00590310 /* HomeController.swift */; };
/* End PBXBuildFile section */

/* Begin PBXFileReference section */
		9617390370E997DD1C7553FE /* Pods-uber-ride.release.xcconfig */ = {isa = PBXFileReference; includeInIndex = 1; lastKnownFileType = text.xcconfig; name = "Pods-uber-ride.release.xcconfig"; path = "Target Support Files/Pods-uber-ride/Pods-uber-ride.release.xcconfig"; sourceTree = "<group>"; };
		D1540608DFC62E088818BFC9 /* Pods_uber_ride.framework */ = {isa = PBXFileReference; explicitFileType = wrapper.framework; includeInIndex = 0; path = Pods_uber_ride.framework; sourceTree = BUILT_PRODUCTS_DIR; };
		E842A51606941C1F739761AA /* Pods-uber-ride.debug.xcconfig */ = {isa = PBXFileReference; includeInIndex = 1; lastKnownFileType = text.xcconfig; name = "Pods-uber-ride.debug.xcconfig"; path = "Target Support Files/Pods-uber-ride/Pods-uber-ride.debug.xcconfig"; sourceTree = "<group>"; };
		F40ECEBB2A16ACB1007E4342 /* LocationInputActivationView.swift */ = {isa = PBXFileReference; lastKnownFileType = sourcecode.swift; path = LocationInputActivationView.swift; sourceTree = "<group>"; };
		F437181C2A0ACB73008B82DD /* uber-ride.app */ = {isa = PBXFileReference; explicitFileType = wrapper.application; includeInIndex = 0; path = "uber-ride.app"; sourceTree = BUILT_PRODUCTS_DIR; };
		F437181F2A0ACB73008B82DD /* AppDelegate.swift */ = {isa = PBXFileReference; lastKnownFileType = sourcecode.swift; path = AppDelegate.swift; sourceTree = "<group>"; };
		F43718212A0ACB73008B82DD /* SceneDelegate.swift */ = {isa = PBXFileReference; lastKnownFileType = sourcecode.swift; path = SceneDelegate.swift; sourceTree = "<group>"; };
		F43718282A0ACB74008B82DD /* Assets.xcassets */ = {isa = PBXFileReference; lastKnownFileType = folder.assetcatalog; path = Assets.xcassets; sourceTree = "<group>"; };
		F437182B2A0ACB74008B82DD /* Base */ = {isa = PBXFileReference; lastKnownFileType = file.storyboard; name = Base; path = Base.lproj/LaunchScreen.storyboard; sourceTree = "<group>"; };
		F437182D2A0ACB74008B82DD /* Info.plist */ = {isa = PBXFileReference; lastKnownFileType = text.plist.xml; path = Info.plist; sourceTree = "<group>"; };
		F43718382A0ACCA9008B82DD /* LoginController.swift */ = {isa = PBXFileReference; lastKnownFileType = sourcecode.swift; path = LoginController.swift; sourceTree = "<group>"; };
		F437183A2A0AD430008B82DD /* Extensions.swift */ = {isa = PBXFileReference; lastKnownFileType = sourcecode.swift; path = Extensions.swift; sourceTree = "<group>"; };
		F461535D2A33B52D003B2E32 /* RideActionView.swift */ = {isa = PBXFileReference; lastKnownFileType = sourcecode.swift; path = RideActionView.swift; sourceTree = "<group>"; };
		F46E66EA2A2676720000DD7A /* DriverAnnotation.swift */ = {isa = PBXFileReference; lastKnownFileType = sourcecode.swift; path = DriverAnnotation.swift; sourceTree = "<group>"; };
		F4869D292A38F19100421987 /* Trip.swift */ = {isa = PBXFileReference; lastKnownFileType = sourcecode.swift; path = Trip.swift; sourceTree = "<group>"; };
		F48869C12A17EED100D89819 /* LocationInputView.swift */ = {isa = PBXFileReference; lastKnownFileType = sourcecode.swift; path = LocationInputView.swift; sourceTree = "<group>"; };
		F48869C32A18027300D89819 /* LocationCell.swift */ = {isa = PBXFileReference; lastKnownFileType = sourcecode.swift; path = LocationCell.swift; sourceTree = "<group>"; };
		F49813A82A0D69340001EF93 /* SignUpController.swift */ = {isa = PBXFileReference; lastKnownFileType = sourcecode.swift; path = SignUpController.swift; sourceTree = "<group>"; };
		F49813AA2A0D74730001EF93 /* AuthButton.swift */ = {isa = PBXFileReference; lastKnownFileType = sourcecode.swift; path = AuthButton.swift; sourceTree = "<group>"; };
		F4DDE74F2A19482600EB21B8 /* Service.swift */ = {isa = PBXFileReference; lastKnownFileType = sourcecode.swift; path = Service.swift; sourceTree = "<group>"; };
		F4DDE7512A194D9300EB21B8 /* User.swift */ = {isa = PBXFileReference; lastKnownFileType = sourcecode.swift; path = User.swift; sourceTree = "<group>"; };
		F4DDE7532A1952B200EB21B8 /* LocationHandler.swift */ = {isa = PBXFileReference; lastKnownFileType = sourcecode.swift; path = LocationHandler.swift; sourceTree = "<group>"; };
		F4F254E82A0EB3EB00590310 /* GoogleService-Info.plist */ = {isa = PBXFileReference; fileEncoding = 4; lastKnownFileType = text.plist.xml; path = "GoogleService-Info.plist"; sourceTree = "<group>"; };
		F4F254EA2A0EB7EE00590310 /* HomeController.swift */ = {isa = PBXFileReference; lastKnownFileType = sourcecode.swift; path = HomeController.swift; sourceTree = "<group>"; };
/* End PBXFileReference section */

/* Begin PBXFrameworksBuildPhase section */
		F43718192A0ACB73008B82DD /* Frameworks */ = {
			isa = PBXFrameworksBuildPhase;
			buildActionMask = 2147483647;
			files = (
				7AF714C2E0A9163D397E50C0 /* Pods_uber_ride.framework in Frameworks */,
			);
			runOnlyForDeploymentPostprocessing = 0;
		};
/* End PBXFrameworksBuildPhase section */

/* Begin PBXGroup section */
		0E622CBEC63E1605CD1832FB /* Pods */ = {
			isa = PBXGroup;
			children = (
				E842A51606941C1F739761AA /* Pods-uber-ride.debug.xcconfig */,
				9617390370E997DD1C7553FE /* Pods-uber-ride.release.xcconfig */,
			);
			path = Pods;
			sourceTree = "<group>";
		};
		BD2E945230C05748D382994A /* Frameworks */ = {
			isa = PBXGroup;
			children = (
				D1540608DFC62E088818BFC9 /* Pods_uber_ride.framework */,
			);
			name = Frameworks;
			sourceTree = "<group>";
		};
		F43718132A0ACB73008B82DD = {
			isa = PBXGroup;
			children = (
				F437181E2A0ACB73008B82DD /* uber-ride */,
				F437181D2A0ACB73008B82DD /* Products */,
				0E622CBEC63E1605CD1832FB /* Pods */,
				BD2E945230C05748D382994A /* Frameworks */,
			);
			sourceTree = "<group>";
		};
		F437181D2A0ACB73008B82DD /* Products */ = {
			isa = PBXGroup;
			children = (
				F437181C2A0ACB73008B82DD /* uber-ride.app */,
			);
			name = Products;
			sourceTree = "<group>";
		};
		F437181E2A0ACB73008B82DD /* uber-ride */ = {
			isa = PBXGroup;
			children = (
				F43718372A0ACC0A008B82DD /* Utils */,
				F43718362A0ACC04008B82DD /* Service */,
				F43718352A0ACBFD008B82DD /* Controller */,
				F43718342A0ACBF7008B82DD /* View */,
				F43718332A0ACBF1008B82DD /* Model */,
				F437181F2A0ACB73008B82DD /* AppDelegate.swift */,
				F43718212A0ACB73008B82DD /* SceneDelegate.swift */,
				F43718282A0ACB74008B82DD /* Assets.xcassets */,
				F437182A2A0ACB74008B82DD /* LaunchScreen.storyboard */,
				F4F254E82A0EB3EB00590310 /* GoogleService-Info.plist */,
				F437182D2A0ACB74008B82DD /* Info.plist */,
			);
			path = "uber-ride";
			sourceTree = "<group>";
		};
		F43718332A0ACBF1008B82DD /* Model */ = {
			isa = PBXGroup;
			children = (
				F4DDE7512A194D9300EB21B8 /* User.swift */,
				F46E66EA2A2676720000DD7A /* DriverAnnotation.swift */,
				F4869D292A38F19100421987 /* Trip.swift */,
			);
			path = Model;
			sourceTree = "<group>";
		};
		F43718342A0ACBF7008B82DD /* View */ = {
			isa = PBXGroup;
			children = (
				F49813AA2A0D74730001EF93 /* AuthButton.swift */,
				F40ECEBB2A16ACB1007E4342 /* LocationInputActivationView.swift */,
				F48869C12A17EED100D89819 /* LocationInputView.swift */,
				F48869C32A18027300D89819 /* LocationCell.swift */,
				F461535D2A33B52D003B2E32 /* RideActionView.swift */,
			);
			path = View;
			sourceTree = "<group>";
		};
		F43718352A0ACBFD008B82DD /* Controller */ = {
			isa = PBXGroup;
			children = (
				F43718382A0ACCA9008B82DD /* LoginController.swift */,
				F49813A82A0D69340001EF93 /* SignUpController.swift */,
				F4F254EA2A0EB7EE00590310 /* HomeController.swift */,
			);
			path = Controller;
			sourceTree = "<group>";
		};
		F43718362A0ACC04008B82DD /* Service */ = {
			isa = PBXGroup;
			children = (
				F4DDE74F2A19482600EB21B8 /* Service.swift */,
			);
			path = Service;
			sourceTree = "<group>";
		};
		F43718372A0ACC0A008B82DD /* Utils */ = {
			isa = PBXGroup;
			children = (
				F437183A2A0AD430008B82DD /* Extensions.swift */,
				F4DDE7532A1952B200EB21B8 /* LocationHandler.swift */,
			);
			path = Utils;
			sourceTree = "<group>";
		};
/* End PBXGroup section */

/* Begin PBXNativeTarget section */
		F437181B2A0ACB73008B82DD /* uber-ride */ = {
			isa = PBXNativeTarget;
			buildConfigurationList = F43718302A0ACB74008B82DD /* Build configuration list for PBXNativeTarget "uber-ride" */;
			buildPhases = (
				69B91BBFC42FEF075352E2A1 /* [CP] Check Pods Manifest.lock */,
				F43718182A0ACB73008B82DD /* Sources */,
				F43718192A0ACB73008B82DD /* Frameworks */,
				F437181A2A0ACB73008B82DD /* Resources */,
				076D5698050258D072A09C3E /* [CP] Embed Pods Frameworks */,
			);
			buildRules = (
			);
			dependencies = (
			);
			name = "uber-ride";
			productName = "uber-ride";
			productReference = F437181C2A0ACB73008B82DD /* uber-ride.app */;
			productType = "com.apple.product-type.application";
		};
/* End PBXNativeTarget section */

/* Begin PBXProject section */
		F43718142A0ACB73008B82DD /* Project object */ = {
			isa = PBXProject;
			attributes = {
				BuildIndependentTargetsInParallel = 1;
				LastSwiftUpdateCheck = 1430;
				LastUpgradeCheck = 1430;
				TargetAttributes = {
					F437181B2A0ACB73008B82DD = {
						CreatedOnToolsVersion = 14.3;
					};
				};
			};
			buildConfigurationList = F43718172A0ACB73008B82DD /* Build configuration list for PBXProject "uber-ride" */;
			compatibilityVersion = "Xcode 14.0";
			developmentRegion = en;
			hasScannedForEncodings = 0;
			knownRegions = (
				en,
				Base,
			);
			mainGroup = F43718132A0ACB73008B82DD;
			productRefGroup = F437181D2A0ACB73008B82DD /* Products */;
			projectDirPath = "";
			projectRoot = "";
			targets = (
				F437181B2A0ACB73008B82DD /* uber-ride */,
			);
		};
/* End PBXProject section */

/* Begin PBXResourcesBuildPhase section */
		F437181A2A0ACB73008B82DD /* Resources */ = {
			isa = PBXResourcesBuildPhase;
			buildActionMask = 2147483647;
			files = (
				F437182C2A0ACB74008B82DD /* LaunchScreen.storyboard in Resources */,
				F43718292A0ACB74008B82DD /* Assets.xcassets in Resources */,
				F4F254E92A0EB3EB00590310 /* GoogleService-Info.plist in Resources */,
			);
			runOnlyForDeploymentPostprocessing = 0;
		};
/* End PBXResourcesBuildPhase section */

/* Begin PBXShellScriptBuildPhase section */
		076D5698050258D072A09C3E /* [CP] Embed Pods Frameworks */ = {
			isa = PBXShellScriptBuildPhase;
			buildActionMask = 2147483647;
			files = (
			);
			inputFileListPaths = (
				"${PODS_ROOT}/Target Support Files/Pods-uber-ride/Pods-uber-ride-frameworks-${CONFIGURATION}-input-files.xcfilelist",
			);
			name = "[CP] Embed Pods Frameworks";
			outputFileListPaths = (
				"${PODS_ROOT}/Target Support Files/Pods-uber-ride/Pods-uber-ride-frameworks-${CONFIGURATION}-output-files.xcfilelist",
			);
			runOnlyForDeploymentPostprocessing = 0;
			shellPath = /bin/sh;
			shellScript = "\"${PODS_ROOT}/Target Support Files/Pods-uber-ride/Pods-uber-ride-frameworks.sh\"\n";
			showEnvVarsInLog = 0;
		};
		69B91BBFC42FEF075352E2A1 /* [CP] Check Pods Manifest.lock */ = {
			isa = PBXShellScriptBuildPhase;
			buildActionMask = 2147483647;
			files = (
			);
			inputFileListPaths = (
			);
			inputPaths = (
				"${PODS_PODFILE_DIR_PATH}/Podfile.lock",
				"${PODS_ROOT}/Manifest.lock",
			);
			name = "[CP] Check Pods Manifest.lock";
			outputFileListPaths = (
			);
			outputPaths = (
				"$(DERIVED_FILE_DIR)/Pods-uber-ride-checkManifestLockResult.txt",
			);
			runOnlyForDeploymentPostprocessing = 0;
			shellPath = /bin/sh;
			shellScript = "diff \"${PODS_PODFILE_DIR_PATH}/Podfile.lock\" \"${PODS_ROOT}/Manifest.lock\" > /dev/null\nif [ $? != 0 ] ; then\n    # print error to STDERR\n    echo \"error: The sandbox is not in sync with the Podfile.lock. Run 'pod install' or update your CocoaPods installation.\" >&2\n    exit 1\nfi\n# This output is used by Xcode 'outputs' to avoid re-running this script phase.\necho \"SUCCESS\" > \"${SCRIPT_OUTPUT_FILE_0}\"\n";
			showEnvVarsInLog = 0;
		};
/* End PBXShellScriptBuildPhase section */

/* Begin PBXSourcesBuildPhase section */
		F43718182A0ACB73008B82DD /* Sources */ = {
			isa = PBXSourcesBuildPhase;
			buildActionMask = 2147483647;
			files = (
				F49813A92A0D69340001EF93 /* SignUpController.swift in Sources */,
				F49813AB2A0D74730001EF93 /* AuthButton.swift in Sources */,
				F4F254EB2A0EB7EE00590310 /* HomeController.swift in Sources */,
				F48869C22A17EED100D89819 /* LocationInputView.swift in Sources */,
				F4869D2A2A38F19100421987 /* Trip.swift in Sources */,
				F46E66EB2A2676720000DD7A /* DriverAnnotation.swift in Sources */,
				F43718202A0ACB73008B82DD /* AppDelegate.swift in Sources */,
				F43718392A0ACCA9008B82DD /* LoginController.swift in Sources */,
				F48869C42A18027300D89819 /* LocationCell.swift in Sources */,
				F4DDE7542A1952B200EB21B8 /* LocationHandler.swift in Sources */,
				F43718222A0ACB73008B82DD /* SceneDelegate.swift in Sources */,
				F461535E2A33B52D003B2E32 /* RideActionView.swift in Sources */,
				F4DDE7522A194D9300EB21B8 /* User.swift in Sources */,
				F4DDE7502A19482600EB21B8 /* Service.swift in Sources */,
				F40ECEBC2A16ACB1007E4342 /* LocationInputActivationView.swift in Sources */,
				F437183B2A0AD430008B82DD /* Extensions.swift in Sources */,
			);
			runOnlyForDeploymentPostprocessing = 0;
		};
/* End PBXSourcesBuildPhase section */

/* Begin PBXVariantGroup section */
		F437182A2A0ACB74008B82DD /* LaunchScreen.storyboard */ = {
			isa = PBXVariantGroup;
			children = (
				F437182B2A0ACB74008B82DD /* Base */,
			);
			name = LaunchScreen.storyboard;
			sourceTree = "<group>";
		};
/* End PBXVariantGroup section */

/* Begin XCBuildConfiguration section */
		F437182E2A0ACB74008B82DD /* Debug */ = {
			isa = XCBuildConfiguration;
			buildSettings = {
				ALWAYS_SEARCH_USER_PATHS = NO;
				CLANG_ANALYZER_NONNULL = YES;
				CLANG_ANALYZER_NUMBER_OBJECT_CONVERSION = YES_AGGRESSIVE;
				CLANG_CXX_LANGUAGE_STANDARD = "gnu++20";
				CLANG_ENABLE_MODULES = YES;
				CLANG_ENABLE_OBJC_ARC = YES;
				CLANG_ENABLE_OBJC_WEAK = YES;
				CLANG_WARN_BLOCK_CAPTURE_AUTORELEASING = YES;
				CLANG_WARN_BOOL_CONVERSION = YES;
				CLANG_WARN_COMMA = YES;
				CLANG_WARN_CONSTANT_CONVERSION = YES;
				CLANG_WARN_DEPRECATED_OBJC_IMPLEMENTATIONS = YES;
				CLANG_WARN_DIRECT_OBJC_ISA_USAGE = YES_ERROR;
				CLANG_WARN_DOCUMENTATION_COMMENTS = YES;
				CLANG_WARN_EMPTY_BODY = YES;
				CLANG_WARN_ENUM_CONVERSION = YES;
				CLANG_WARN_INFINITE_RECURSION = YES;
				CLANG_WARN_INT_CONVERSION = YES;
				CLANG_WARN_NON_LITERAL_NULL_CONVERSION = YES;
				CLANG_WARN_OBJC_IMPLICIT_RETAIN_SELF = YES;
				CLANG_WARN_OBJC_LITERAL_CONVERSION = YES;
				CLANG_WARN_OBJC_ROOT_CLASS = YES_ERROR;
				CLANG_WARN_QUOTED_INCLUDE_IN_FRAMEWORK_HEADER = YES;
				CLANG_WARN_RANGE_LOOP_ANALYSIS = YES;
				CLANG_WARN_STRICT_PROTOTYPES = YES;
				CLANG_WARN_SUSPICIOUS_MOVE = YES;
				CLANG_WARN_UNGUARDED_AVAILABILITY = YES_AGGRESSIVE;
				CLANG_WARN_UNREACHABLE_CODE = YES;
				CLANG_WARN__DUPLICATE_METHOD_MATCH = YES;
				COPY_PHASE_STRIP = NO;
				DEBUG_INFORMATION_FORMAT = dwarf;
				ENABLE_STRICT_OBJC_MSGSEND = YES;
				ENABLE_TESTABILITY = YES;
				GCC_C_LANGUAGE_STANDARD = gnu11;
				GCC_DYNAMIC_NO_PIC = NO;
				GCC_NO_COMMON_BLOCKS = YES;
				GCC_OPTIMIZATION_LEVEL = 0;
				GCC_PREPROCESSOR_DEFINITIONS = (
					"DEBUG=1",
					"$(inherited)",
				);
				GCC_WARN_64_TO_32_BIT_CONVERSION = YES;
				GCC_WARN_ABOUT_RETURN_TYPE = YES_ERROR;
				GCC_WARN_UNDECLARED_SELECTOR = YES;
				GCC_WARN_UNINITIALIZED_AUTOS = YES_AGGRESSIVE;
				GCC_WARN_UNUSED_FUNCTION = YES;
				GCC_WARN_UNUSED_VARIABLE = YES;
				IPHONEOS_DEPLOYMENT_TARGET = 16.4;
				MTL_ENABLE_DEBUG_INFO = INCLUDE_SOURCE;
				MTL_FAST_MATH = YES;
				ONLY_ACTIVE_ARCH = YES;
				SDKROOT = iphoneos;
				SWIFT_ACTIVE_COMPILATION_CONDITIONS = DEBUG;
				SWIFT_OPTIMIZATION_LEVEL = "-Onone";
			};
			name = Debug;
		};
		F437182F2A0ACB74008B82DD /* Release */ = {
			isa = XCBuildConfiguration;
			buildSettings = {
				ALWAYS_SEARCH_USER_PATHS = NO;
				CLANG_ANALYZER_NONNULL = YES;
				CLANG_ANALYZER_NUMBER_OBJECT_CONVERSION = YES_AGGRESSIVE;
				CLANG_CXX_LANGUAGE_STANDARD = "gnu++20";
				CLANG_ENABLE_MODULES = YES;
				CLANG_ENABLE_OBJC_ARC = YES;
				CLANG_ENABLE_OBJC_WEAK = YES;
				CLANG_WARN_BLOCK_CAPTURE_AUTORELEASING = YES;
				CLANG_WARN_BOOL_CONVERSION = YES;
				CLANG_WARN_COMMA = YES;
				CLANG_WARN_CONSTANT_CONVERSION = YES;
				CLANG_WARN_DEPRECATED_OBJC_IMPLEMENTATIONS = YES;
				CLANG_WARN_DIRECT_OBJC_ISA_USAGE = YES_ERROR;
				CLANG_WARN_DOCUMENTATION_COMMENTS = YES;
				CLANG_WARN_EMPTY_BODY = YES;
				CLANG_WARN_ENUM_CONVERSION = YES;
				CLANG_WARN_INFINITE_RECURSION = YES;
				CLANG_WARN_INT_CONVERSION = YES;
				CLANG_WARN_NON_LITERAL_NULL_CONVERSION = YES;
				CLANG_WARN_OBJC_IMPLICIT_RETAIN_SELF = YES;
				CLANG_WARN_OBJC_LITERAL_CONVERSION = YES;
				CLANG_WARN_OBJC_ROOT_CLASS = YES_ERROR;
				CLANG_WARN_QUOTED_INCLUDE_IN_FRAMEWORK_HEADER = YES;
				CLANG_WARN_RANGE_LOOP_ANALYSIS = YES;
				CLANG_WARN_STRICT_PROTOTYPES = YES;
				CLANG_WARN_SUSPICIOUS_MOVE = YES;
				CLANG_WARN_UNGUARDED_AVAILABILITY = YES_AGGRESSIVE;
				CLANG_WARN_UNREACHABLE_CODE = YES;
				CLANG_WARN__DUPLICATE_METHOD_MATCH = YES;
				COPY_PHASE_STRIP = NO;
				DEBUG_INFORMATION_FORMAT = "dwarf-with-dsym";
				ENABLE_NS_ASSERTIONS = NO;
				ENABLE_STRICT_OBJC_MSGSEND = YES;
				GCC_C_LANGUAGE_STANDARD = gnu11;
				GCC_NO_COMMON_BLOCKS = YES;
				GCC_WARN_64_TO_32_BIT_CONVERSION = YES;
				GCC_WARN_ABOUT_RETURN_TYPE = YES_ERROR;
				GCC_WARN_UNDECLARED_SELECTOR = YES;
				GCC_WARN_UNINITIALIZED_AUTOS = YES_AGGRESSIVE;
				GCC_WARN_UNUSED_FUNCTION = YES;
				GCC_WARN_UNUSED_VARIABLE = YES;
				IPHONEOS_DEPLOYMENT_TARGET = 16.4;
				MTL_ENABLE_DEBUG_INFO = NO;
				MTL_FAST_MATH = YES;
				SDKROOT = iphoneos;
				SWIFT_COMPILATION_MODE = wholemodule;
				SWIFT_OPTIMIZATION_LEVEL = "-O";
				VALIDATE_PRODUCT = YES;
			};
			name = Release;
		};
		F43718312A0ACB74008B82DD /* Debug */ = {
			isa = XCBuildConfiguration;
			baseConfigurationReference = E842A51606941C1F739761AA /* Pods-uber-ride.debug.xcconfig */;
			buildSettings = {
				ASSETCATALOG_COMPILER_APPICON_NAME = AppIcon;
				ASSETCATALOG_COMPILER_GLOBAL_ACCENT_COLOR_NAME = AccentColor;
				CODE_SIGN_STYLE = Automatic;
				CURRENT_PROJECT_VERSION = 1;
				DEVELOPMENT_TEAM = UM5JNC6JYW;
				GENERATE_INFOPLIST_FILE = YES;
				INFOPLIST_FILE = "uber-ride/Info.plist";
				INFOPLIST_KEY_CFBundleDisplayName = Uber;
				INFOPLIST_KEY_UIApplicationSupportsIndirectInputEvents = YES;
				INFOPLIST_KEY_UILaunchStoryboardName = LaunchScreen;
				INFOPLIST_KEY_UIMainStoryboardFile = "";
				INFOPLIST_KEY_UISupportedInterfaceOrientations_iPad = "UIInterfaceOrientationPortrait UIInterfaceOrientationPortraitUpsideDown UIInterfaceOrientationLandscapeLeft UIInterfaceOrientationLandscapeRight";
				INFOPLIST_KEY_UISupportedInterfaceOrientations_iPhone = "UIInterfaceOrientationPortrait UIInterfaceOrientationLandscapeLeft UIInterfaceOrientationLandscapeRight";
				IPHONEOS_DEPLOYMENT_TARGET = 13.3;
				LD_RUNPATH_SEARCH_PATHS = (
					"$(inherited)",
					"@executable_path/Frameworks",
				);
				MARKETING_VERSION = 1.0;
				PRODUCT_BUNDLE_IDENTIFIER = "com.gilang.uber-ride";
				PRODUCT_NAME = "$(TARGET_NAME)";
				SWIFT_EMIT_LOC_STRINGS = YES;
				SWIFT_VERSION = 5.0;
				TARGETED_DEVICE_FAMILY = "1,2";
			};
			name = Debug;
		};
		F43718322A0ACB74008B82DD /* Release */ = {
			isa = XCBuildConfiguration;
			baseConfigurationReference = 9617390370E997DD1C7553FE /* Pods-uber-ride.release.xcconfig */;
			buildSettings = {
				ASSETCATALOG_COMPILER_APPICON_NAME = AppIcon;
				ASSETCATALOG_COMPILER_GLOBAL_ACCENT_COLOR_NAME = AccentColor;
				CODE_SIGN_STYLE = Automatic;
				CURRENT_PROJECT_VERSION = 1;
				DEVELOPMENT_TEAM = UM5JNC6JYW;
				GENERATE_INFOPLIST_FILE = YES;
				INFOPLIST_FILE = "uber-ride/Info.plist";
				INFOPLIST_KEY_CFBundleDisplayName = Uber;
				INFOPLIST_KEY_UIApplicationSupportsIndirectInputEvents = YES;
				INFOPLIST_KEY_UILaunchStoryboardName = LaunchScreen;
				INFOPLIST_KEY_UIMainStoryboardFile = "";
				INFOPLIST_KEY_UISupportedInterfaceOrientations_iPad = "UIInterfaceOrientationPortrait UIInterfaceOrientationPortraitUpsideDown UIInterfaceOrientationLandscapeLeft UIInterfaceOrientationLandscapeRight";
				INFOPLIST_KEY_UISupportedInterfaceOrientations_iPhone = "UIInterfaceOrientationPortrait UIInterfaceOrientationLandscapeLeft UIInterfaceOrientationLandscapeRight";
				IPHONEOS_DEPLOYMENT_TARGET = 13.3;
				LD_RUNPATH_SEARCH_PATHS = (
					"$(inherited)",
					"@executable_path/Frameworks",
				);
				MARKETING_VERSION = 1.0;
				PRODUCT_BUNDLE_IDENTIFIER = "com.gilang.uber-ride";
				PRODUCT_NAME = "$(TARGET_NAME)";
				SWIFT_EMIT_LOC_STRINGS = YES;
				SWIFT_VERSION = 5.0;
				TARGETED_DEVICE_FAMILY = "1,2";
			};
			name = Release;
		};
/* End XCBuildConfiguration section */

/* Begin XCConfigurationList section */
		F43718172A0ACB73008B82DD /* Build configuration list for PBXProject "uber-ride" */ = {
			isa = XCConfigurationList;
			buildConfigurations = (
				F437182E2A0ACB74008B82DD /* Debug */,
				F437182F2A0ACB74008B82DD /* Release */,
			);
			defaultConfigurationIsVisible = 0;
			defaultConfigurationName = Release;
		};
		F43718302A0ACB74008B82DD /* Build configuration list for PBXNativeTarget "uber-ride" */ = {
			isa = XCConfigurationList;
			buildConfigurations = (
				F43718312A0ACB74008B82DD /* Debug */,
				F43718322A0ACB74008B82DD /* Release */,
			);
			defaultConfigurationIsVisible = 0;
			defaultConfigurationName = Release;
		};
/* End XCConfigurationList section */
	};
	rootObject = F43718142A0ACB73008B82DD /* Project object */;
}
