// !$*UTF8*$!
{
	archiveVersion = 1;
	classes = {
	};
	objectVersion = 56;
	objects = {

/* Begin PBXBuildFile section */
		F43718202A0ACB73008B82DD /* AppDelegate.swift in Sources */ = {isa = PBXBuildFile; fileRef = F437181F2A0ACB73008B82DD /* AppDelegate.swift */; };
		F43718222A0ACB73008B82DD /* SceneDelegate.swift in Sources */ = {isa = PBXBuildFile; fileRef = F43718212A0ACB73008B82DD /* SceneDelegate.swift */; };
		F43718292A0ACB74008B82DD /* Assets.xcassets in Resources */ = {isa = PBXBuildFile; fileRef = F43718282A0ACB74008B82DD /* Assets.xcassets */; };
		F437182C2A0ACB74008B82DD /* LaunchScreen.storyboard in Resources */ = {isa = PBXBuildFile; fileRef = F437182A2A0ACB74008B82DD /* LaunchScreen.storyboard */; };
		F43718392A0ACCA9008B82DD /* LoginController.swift in Sources */ = {isa = PBXBuildFile; fileRef = F43718382A0ACCA9008B82DD /* LoginController.swift */; };
		F437183B2A0AD430008B82DD /* Extensions.swift in Sources */ = {isa = PBXBuildFile; fileRef = F437183A2A0AD430008B82DD /* Extensions.swift */; };
		F49813A92A0D69340001EF93 /* SignUpController.swift in Sources */ = {isa = PBXBuildFile; fileRef = F49813A82A0D69340001EF93 /* SignUpController.swift */; };
		F49813AB2A0D74730001EF93 /* AuthButton.swift in Sources */ = {isa = PBXBuildFile; fileRef = F49813AA2A0D74730001EF93 /* AuthButton.swift */; };
		F4F254E72A0EAB6B00590310 /* GoogleService-Info.plist in Resources */ = {isa = PBXBuildFile; fileRef = F4F254E62A0EAB6B00590310 /* GoogleService-Info.plist */; };
/* End PBXBuildFile section */

/* Begin PBXFileReference section */
		F437181C2A0ACB73008B82DD /* uber-ride.app */ = {isa = PBXFileReference; explicitFileType = wrapper.application; includeInIndex = 0; path = "uber-ride.app"; sourceTree = BUILT_PRODUCTS_DIR; };
		F437181F2A0ACB73008B82DD /* AppDelegate.swift */ = {isa = PBXFileReference; lastKnownFileType = sourcecode.swift; path = AppDelegate.swift; sourceTree = "<group>"; };
		F43718212A0ACB73008B82DD /* SceneDelegate.swift */ = {isa = PBXFileReference; lastKnownFileType = sourcecode.swift; path = SceneDelegate.swift; sourceTree = "<group>"; };
		F43718282A0ACB74008B82DD /* Assets.xcassets */ = {isa = PBXFileReference; lastKnownFileType = folder.assetcatalog; path = Assets.xcassets; sourceTree = "<group>"; };
		F437182B2A0ACB74008B82DD /* Base */ = {isa = PBXFileReference; lastKnownFileType = file.storyboard; name = Base; path = Base.lproj/LaunchScreen.storyboard; sourceTree = "<group>"; };
		F437182D2A0ACB74008B82DD /* Info.plist */ = {isa = PBXFileReference; lastKnownFileType = text.plist.xml; path = Info.plist; sourceTree = "<group>"; };
		F43718382A0ACCA9008B82DD /* LoginController.swift */ = {isa = PBXFileReference; lastKnownFileType = sourcecode.swift; path = LoginController.swift; sourceTree = "<group>"; };
		F437183A2A0AD430008B82DD /* Extensions.swift */ = {isa = PBXFileReference; lastKnownFileType = sourcecode.swift; path = Extensions.swift; sourceTree = "<group>"; };
		F49813A82A0D69340001EF93 /* SignUpController.swift */ = {isa = PBXFileReference; lastKnownFileType = sourcecode.swift; path = SignUpController.swift; sourceTree = "<group>"; };
		F49813AA2A0D74730001EF93 /* AuthButton.swift */ = {isa = PBXFileReference; lastKnownFileType = sourcecode.swift; path = AuthButton.swift; sourceTree = "<group>"; };
		F4F254E62A0EAB6B00590310 /* GoogleService-Info.plist */ = {isa = PBXFileReference; fileEncoding = 4; lastKnownFileType = text.plist.xml; path = "GoogleService-Info.plist"; sourceTree = "<group>"; };
/* End PBXFileReference section */

/* Begin PBXFrameworksBuildPhase section */
		F43718192A0ACB73008B82DD /* Frameworks */ = {
			isa = PBXFrameworksBuildPhase;
			buildActionMask = 2147483647;
			files = (
			);
			runOnlyForDeploymentPostprocessing = 0;
		};
/* End PBXFrameworksBuildPhase section */

/* Begin PBXGroup section */
		F43718132A0ACB73008B82DD = {
			isa = PBXGroup;
			children = (
				F437181E2A0ACB73008B82DD /* uber-ride */,
				F437181D2A0ACB73008B82DD /* Products */,
			);
			sourceTree = "<group>";
		};
		F437181D2A0ACB73008B82DD /* Products */ = {
			isa = PBXGroup;
			children = (
				F437181C2A0ACB73008B82DD /* uber-ride.app */,
			);
			name = Products;
			sourceTree = "<group>";
		};
		F437181E2A0ACB73008B82DD /* uber-ride */ = {
			isa = PBXGroup;
			children = (
				F43718372A0ACC0A008B82DD /* Utils */,
				F43718362A0ACC04008B82DD /* Service */,
				F43718352A0ACBFD008B82DD /* Controller */,
				F43718342A0ACBF7008B82DD /* View */,
				F43718332A0ACBF1008B82DD /* Model */,
				F437181F2A0ACB73008B82DD /* AppDelegate.swift */,
				F43718212A0ACB73008B82DD /* SceneDelegate.swift */,
				F43718282A0ACB74008B82DD /* Assets.xcassets */,
				F437182A2A0ACB74008B82DD /* LaunchScreen.storyboard */,
				F437182D2A0ACB74008B82DD /* Info.plist */,
				F4F254E62A0EAB6B00590310 /* GoogleService-Info.plist */,
			);
			path = "uber-ride";
			sourceTree = "<group>";
		};
		F43718332A0ACBF1008B82DD /* Model */ = {
			isa = PBXGroup;
			children = (
			);
			path = Model;
			sourceTree = "<group>";
		};
		F43718342A0ACBF7008B82DD /* View */ = {
			isa = PBXGroup;
			children = (
				F49813AA2A0D74730001EF93 /* AuthButton.swift */,
			);
			path = View;
			sourceTree = "<group>";
		};
		F43718352A0ACBFD008B82DD /* Controller */ = {
			isa = PBXGroup;
			children = (
				F43718382A0ACCA9008B82DD /* LoginController.swift */,
				F49813A82A0D69340001EF93 /* SignUpController.swift */,
			);
			path = Controller;
			sourceTree = "<group>";
		};
		F43718362A0ACC04008B82DD /* Service */ = {
			isa = PBXGroup;
			children = (
			);
			path = Service;
			sourceTree = "<group>";
		};
		F43718372A0ACC0A008B82DD /* Utils */ = {
			isa = PBXGroup;
			children = (
				F437183A2A0AD430008B82DD /* Extensions.swift */,
			);
			path = Utils;
			sourceTree = "<group>";
		};
/* End PBXGroup section */

/* Begin PBXNativeTarget section */
		F437181B2A0ACB73008B82DD /* uber-ride */ = {
			isa = PBXNativeTarget;
			buildConfigurationList = F43718302A0ACB74008B82DD /* Build configuration list for PBXNativeTarget "uber-ride" */;
			buildPhases = (
				F43718182A0ACB73008B82DD /* Sources */,
				F43718192A0ACB73008B82DD /* Frameworks */,
				F437181A2A0ACB73008B82DD /* Resources */,
			);
			buildRules = (
			);
			dependencies = (
			);
			name = "uber-ride";
			productName = "uber-ride";
			productReference = F437181C2A0ACB73008B82DD /* uber-ride.app */;
			productType = "com.apple.product-type.application";
		};
/* End PBXNativeTarget section */

/* Begin PBXProject section */
		F43718142A0ACB73008B82DD /* Project object */ = {
			isa = PBXProject;
			attributes = {
				BuildIndependentTargetsInParallel = 1;
				LastSwiftUpdateCheck = 1430;
				LastUpgradeCheck = 1430;
				TargetAttributes = {
					F437181B2A0ACB73008B82DD = {
						CreatedOnToolsVersion = 14.3;
					};
				};
			};
			buildConfigurationList = F43718172A0ACB73008B82DD /* Build configuration list for PBXProject "uber-ride" */;
			compatibilityVersion = "Xcode 14.0";
			developmentRegion = en;
			hasScannedForEncodings = 0;
			knownRegions = (
				en,
				Base,
			);
			mainGroup = F43718132A0ACB73008B82DD;
			productRefGroup = F437181D2A0ACB73008B82DD /* Products */;
			projectDirPath = "";
			projectRoot = "";
			targets = (
				F437181B2A0ACB73008B82DD /* uber-ride */,
			);
		};
/* End PBXProject section */

/* Begin PBXResourcesBuildPhase section */
		F437181A2A0ACB73008B82DD /* Resources */ = {
			isa = PBXResourcesBuildPhase;
			buildActionMask = 2147483647;
			files = (
				F437182C2A0ACB74008B82DD /* LaunchScreen.storyboard in Resources */,
				F43718292A0ACB74008B82DD /* Assets.xcassets in Resources */,
				F4F254E72A0EAB6B00590310 /* GoogleService-Info.plist in Resources */,
			);
			runOnlyForDeploymentPostprocessing = 0;
		};
/* End PBXResourcesBuildPhase section */

/* Begin PBXSourcesBuildPhase section */
		F43718182A0ACB73008B82DD /* Sources */ = {
			isa = PBXSourcesBuildPhase;
			buildActionMask = 2147483647;
			files = (
				F49813A92A0D69340001EF93 /* SignUpController.swift in Sources */,
				F49813AB2A0D74730001EF93 /* AuthButton.swift in Sources */,
				F43718202A0ACB73008B82DD /* AppDelegate.swift in Sources */,
				F43718392A0ACCA9008B82DD /* LoginController.swift in Sources */,
				F43718222A0ACB73008B82DD /* SceneDelegate.swift in Sources */,
				F437183B2A0AD430008B82DD /* Extensions.swift in Sources */,
			);
			runOnlyForDeploymentPostprocessing = 0;
		};
/* End PBXSourcesBuildPhase section */

/* Begin PBXVariantGroup section */
		F437182A2A0ACB74008B82DD /* LaunchScreen.storyboard */ = {
			isa = PBXVariantGroup;
			children = (
				F437182B2A0ACB74008B82DD /* Base */,
			);
			name = LaunchScreen.storyboard;
			sourceTree = "<group>";
		};
/* End PBXVariantGroup section */

/* Begin XCBuildConfiguration section */
		F437182E2A0ACB74008B82DD /* Debug */ = {
			isa = XCBuildConfiguration;
			buildSettings = {
				ALWAYS_SEARCH_USER_PATHS = NO;
				CLANG_ANALYZER_NONNULL = YES;
				CLANG_ANALYZER_NUMBER_OBJECT_CONVERSION = YES_AGGRESSIVE;
				CLANG_CXX_LANGUAGE_STANDARD = "gnu++20";
				CLANG_ENABLE_MODULES = YES;
				CLANG_ENABLE_OBJC_ARC = YES;
				CLANG_ENABLE_OBJC_WEAK = YES;
				CLANG_WARN_BLOCK_CAPTURE_AUTORELEASING = YES;
				CLANG_WARN_BOOL_CONVERSION = YES;
				CLANG_WARN_COMMA = YES;
				CLANG_WARN_CONSTANT_CONVERSION = YES;
				CLANG_WARN_DEPRECATED_OBJC_IMPLEMENTATIONS = YES;
				CLANG_WARN_DIRECT_OBJC_ISA_USAGE = YES_ERROR;
				CLANG_WARN_DOCUMENTATION_COMMENTS = YES;
				CLANG_WARN_EMPTY_BODY = YES;
				CLANG_WARN_ENUM_CONVERSION = YES;
				CLANG_WARN_INFINITE_RECURSION = YES;
				CLANG_WARN_INT_CONVERSION = YES;
				CLANG_WARN_NON_LITERAL_NULL_CONVERSION = YES;
				CLANG_WARN_OBJC_IMPLICIT_RETAIN_SELF = YES;
				CLANG_WARN_OBJC_LITERAL_CONVERSION = YES;
				CLANG_WARN_OBJC_ROOT_CLASS = YES_ERROR;
				CLANG_WARN_QUOTED_INCLUDE_IN_FRAMEWORK_HEADER = YES;
				CLANG_WARN_RANGE_LOOP_ANALYSIS = YES;
				CLANG_WARN_STRICT_PROTOTYPES = YES;
				CLANG_WARN_SUSPICIOUS_MOVE = YES;
				CLANG_WARN_UNGUARDED_AVAILABILITY = YES_AGGRESSIVE;
				CLANG_WARN_UNREACHABLE_CODE = YES;
				CLANG_WARN__DUPLICATE_METHOD_MATCH = YES;
				COPY_PHASE_STRIP = NO;
				DEBUG_INFORMATION_FORMAT = dwarf;
				ENABLE_STRICT_OBJC_MSGSEND = YES;
				ENABLE_TESTABILITY = YES;
				GCC_C_LANGUAGE_STANDARD = gnu11;
				GCC_DYNAMIC_NO_PIC = NO;
				GCC_NO_COMMON_BLOCKS = YES;
				GCC_OPTIMIZATION_LEVEL = 0;
				GCC_PREPROCESSOR_DEFINITIONS = (
					"DEBUG=1",
					"$(inherited)",
				);
				GCC_WARN_64_TO_32_BIT_CONVERSION = YES;
				GCC_WARN_ABOUT_RETURN_TYPE = YES_ERROR;
				GCC_WARN_UNDECLARED_SELECTOR = YES;
				GCC_WARN_UNINITIALIZED_AUTOS = YES_AGGRESSIVE;
				GCC_WARN_UNUSED_FUNCTION = YES;
				GCC_WARN_UNUSED_VARIABLE = YES;
				IPHONEOS_DEPLOYMENT_TARGET = 16.4;
				MTL_ENABLE_DEBUG_INFO = INCLUDE_SOURCE;
				MTL_FAST_MATH = YES;
				ONLY_ACTIVE_ARCH = YES;
				SDKROOT = iphoneos;
				SWIFT_ACTIVE_COMPILATION_CONDITIONS = DEBUG;
				SWIFT_OPTIMIZATION_LEVEL = "-Onone";
			};
			name = Debug;
		};
		F437182F2A0ACB74008B82DD /* Release */ = {
			isa = XCBuildConfiguration;
			buildSettings = {
				ALWAYS_SEARCH_USER_PATHS = NO;
				CLANG_ANALYZER_NONNULL = YES;
				CLANG_ANALYZER_NUMBER_OBJECT_CONVERSION = YES_AGGRESSIVE;
				CLANG_CXX_LANGUAGE_STANDARD = "gnu++20";
				CLANG_ENABLE_MODULES = YES;
				CLANG_ENABLE_OBJC_ARC = YES;
				CLANG_ENABLE_OBJC_WEAK = YES;
				CLANG_WARN_BLOCK_CAPTURE_AUTORELEASING = YES;
				CLANG_WARN_BOOL_CONVERSION = YES;
				CLANG_WARN_COMMA = YES;
				CLANG_WARN_CONSTANT_CONVERSION = YES;
				CLANG_WARN_DEPRECATED_OBJC_IMPLEMENTATIONS = YES;
				CLANG_WARN_DIRECT_OBJC_ISA_USAGE = YES_ERROR;
				CLANG_WARN_DOCUMENTATION_COMMENTS = YES;
				CLANG_WARN_EMPTY_BODY = YES;
				CLANG_WARN_ENUM_CONVERSION = YES;
				CLANG_WARN_INFINITE_RECURSION = YES;
				CLANG_WARN_INT_CONVERSION = YES;
				CLANG_WARN_NON_LITERAL_NULL_CONVERSION = YES;
				CLANG_WARN_OBJC_IMPLICIT_RETAIN_SELF = YES;
				CLANG_WARN_OBJC_LITERAL_CONVERSION = YES;
				CLANG_WARN_OBJC_ROOT_CLASS = YES_ERROR;
				CLANG_WARN_QUOTED_INCLUDE_IN_FRAMEWORK_HEADER = YES;
				CLANG_WARN_RANGE_LOOP_ANALYSIS = YES;
				CLANG_WARN_STRICT_PROTOTYPES = YES;
				CLANG_WARN_SUSPICIOUS_MOVE = YES;
				CLANG_WARN_UNGUARDED_AVAILABILITY = YES_AGGRESSIVE;
				CLANG_WARN_UNREACHABLE_CODE = YES;
				CLANG_WARN__DUPLICATE_METHOD_MATCH = YES;
				COPY_PHASE_STRIP = NO;
				DEBUG_INFORMATION_FORMAT = "dwarf-with-dsym";
				ENABLE_NS_ASSERTIONS = NO;
				ENABLE_STRICT_OBJC_MSGSEND = YES;
				GCC_C_LANGUAGE_STANDARD = gnu11;
				GCC_NO_COMMON_BLOCKS = YES;
				GCC_WARN_64_TO_32_BIT_CONVERSION = YES;
				GCC_WARN_ABOUT_RETURN_TYPE = YES_ERROR;
				GCC_WARN_UNDECLARED_SELECTOR = YES;
				GCC_WARN_UNINITIALIZED_AUTOS = YES_AGGRESSIVE;
				GCC_WARN_UNUSED_FUNCTION = YES;
				GCC_WARN_UNUSED_VARIABLE = YES;
				IPHONEOS_DEPLOYMENT_TARGET = 16.4;
				MTL_ENABLE_DEBUG_INFO = NO;
				MTL_FAST_MATH = YES;
				SDKROOT = iphoneos;
				SWIFT_COMPILATION_MODE = wholemodule;
				SWIFT_OPTIMIZATION_LEVEL = "-O";
				VALIDATE_PRODUCT = YES;
			};
			name = Release;
		};
		F43718312A0ACB74008B82DD /* Debug */ = {
			isa = XCBuildConfiguration;
			buildSettings = {
				ASSETCATALOG_COMPILER_APPICON_NAME = AppIcon;
				ASSETCATALOG_COMPILER_GLOBAL_ACCENT_COLOR_NAME = AccentColor;
				CODE_SIGN_STYLE = Automatic;
				CURRENT_PROJECT_VERSION = 1;
				DEVELOPMENT_TEAM = UM5JNC6JYW;
				GENERATE_INFOPLIST_FILE = YES;
				INFOPLIST_FILE = "uber-ride/Info.plist";
				INFOPLIST_KEY_CFBundleDisplayName = Uber;
				INFOPLIST_KEY_UIApplicationSupportsIndirectInputEvents = YES;
				INFOPLIST_KEY_UILaunchStoryboardName = LaunchScreen;
				INFOPLIST_KEY_UIMainStoryboardFile = "";
				INFOPLIST_KEY_UISupportedInterfaceOrientations_iPad = "UIInterfaceOrientationPortrait UIInterfaceOrientationPortraitUpsideDown UIInterfaceOrientationLandscapeLeft UIInterfaceOrientationLandscapeRight";
				INFOPLIST_KEY_UISupportedInterfaceOrientations_iPhone = "UIInterfaceOrientationPortrait UIInterfaceOrientationLandscapeLeft UIInterfaceOrientationLandscapeRight";
				LD_RUNPATH_SEARCH_PATHS = (
					"$(inherited)",
					"@executable_path/Frameworks",
				);
				MARKETING_VERSION = 1.0;
				PRODUCT_BUNDLE_IDENTIFIER = "com.gilang.uber-ride";
				PRODUCT_NAME = "$(TARGET_NAME)";
				SWIFT_EMIT_LOC_STRINGS = YES;
				SWIFT_VERSION = 5.0;
				TARGETED_DEVICE_FAMILY = "1,2";
			};
			name = Debug;
		};
		F43718322A0ACB74008B82DD /* Release */ = {
			isa = XCBuildConfiguration;
			buildSettings = {
				ASSETCATALOG_COMPILER_APPICON_NAME = AppIcon;
				ASSETCATALOG_COMPILER_GLOBAL_ACCENT_COLOR_NAME = AccentColor;
				CODE_SIGN_STYLE = Automatic;
				CURRENT_PROJECT_VERSION = 1;
				DEVELOPMENT_TEAM = UM5JNC6JYW;
				GENERATE_INFOPLIST_FILE = YES;
				INFOPLIST_FILE = "uber-ride/Info.plist";
				INFOPLIST_KEY_CFBundleDisplayName = Uber;
				INFOPLIST_KEY_UIApplicationSupportsIndirectInputEvents = YES;
				INFOPLIST_KEY_UILaunchStoryboardName = LaunchScreen;
				INFOPLIST_KEY_UIMainStoryboardFile = "";
				INFOPLIST_KEY_UISupportedInterfaceOrientations_iPad = "UIInterfaceOrientationPortrait UIInterfaceOrientationPortraitUpsideDown UIInterfaceOrientationLandscapeLeft UIInterfaceOrientationLandscapeRight";
				INFOPLIST_KEY_UISupportedInterfaceOrientations_iPhone = "UIInterfaceOrientationPortrait UIInterfaceOrientationLandscapeLeft UIInterfaceOrientationLandscapeRight";
				LD_RUNPATH_SEARCH_PATHS = (
					"$(inherited)",
					"@executable_path/Frameworks",
				);
				MARKETING_VERSION = 1.0;
				PRODUCT_BUNDLE_IDENTIFIER = "com.gilang.uber-ride";
				PRODUCT_NAME = "$(TARGET_NAME)";
				SWIFT_EMIT_LOC_STRINGS = YES;
				SWIFT_VERSION = 5.0;
				TARGETED_DEVICE_FAMILY = "1,2";
			};
			name = Release;
		};
/* End XCBuildConfiguration section */

/* Begin XCConfigurationList section */
		F43718172A0ACB73008B82DD /* Build configuration list for PBXProject "uber-ride" */ = {
			isa = XCConfigurationList;
			buildConfigurations = (
				F437182E2A0ACB74008B82DD /* Debug */,
				F437182F2A0ACB74008B82DD /* Release */,
			);
			defaultConfigurationIsVisible = 0;
			defaultConfigurationName = Release;
		};
		F43718302A0ACB74008B82DD /* Build configuration list for PBXNativeTarget "uber-ride" */ = {
			isa = XCConfigurationList;
			buildConfigurations = (
				F43718312A0ACB74008B82DD /* Debug */,
				F43718322A0ACB74008B82DD /* Release */,
			);
			defaultConfigurationIsVisible = 0;
			defaultConfigurationName = Release;
		};
/* End XCConfigurationList section */
	};
	rootObject = F43718142A0ACB73008B82DD /* Project object */;
}
